
Microsoft Visual Studio Solution File, Format Version 12.00
# Visual Studio Version 16
VisualStudioVersion = 16.0.29709.97
MinimumVisualStudioVersion = 10.0.40219.1
Project("{FAE04EC0-301F-11D3-BF4B-00C04F79EFBC}") = "lab3_3", "lab3_3.csproj", "{18AD24DB-58F0-4DBC-8AB1-C988A771EB87}"
EndProject
Global
	GlobalSection(SolutionConfigurationPlatforms) = preSolution
		Debug|Any CPU = Debug|Any CPU
		Release|Any CPU = Release|Any CPU
	EndGlobalSection
	GlobalSection(ProjectConfigurationPlatforms) = postSolution
		{18AD24DB-58F0-4DBC-8AB1-C988A771EB87}.Debug|Any CPU.ActiveCfg = Debug|Any CPU
		{18AD24DB-58F0-4DBC-8AB1-C988A771EB87}.Debug|Any CPU.Build.0 = Debug|Any CPU
		{18AD24DB-58F0-4DBC-8AB1-C988A771EB87}.Release|Any CPU.ActiveCfg = Release|Any CPU
		{18AD24DB-58F0-4DBC-8AB1-C988A771EB87}.Release|Any CPU.Build.0 = Release|Any CPU
	EndGlobalSection
	GlobalSection(SolutionProperties) = preSolution
		HideSolutionNode = FALSE
	EndGlobalSection
	GlobalSection(ExtensibilityGlobals) = postSolution
		SolutionGuid = {580321B7-7A6E-4F0C-8742-805F4043AAD4}
	EndGlobalSection
EndGlobal
